{
  "originHash" : "8495e25d4db5b60e0f58a9ae89e62dda25e0e3f16a89369e1d6225edba875e34",
  "pins" : [
    {
      "identity" : "fluidaudio",
      "kind" : "remoteSourceControl",
      "location" : "https://github.com/FluidInference/FluidAudio.git",
      "state" : {
        "revision" : "313feb4bd692780a9a5b5fa9048fdb119486dde8"
      }
    }
  ],
  "version" : 3
}
